
Microsoft Visual Studio Solution File, Format Version 12.00
# Visual Studio Version 16
VisualStudioVersion = 16.0.31105.61
MinimumVisualStudioVersion = 10.0.40219.1
Project("{FAE04EC0-301F-11D3-BF4B-00C04F79EFBC}") = "ders_kayit_sistemi", "ders_kayit_sistemi\ders_kayit_sistemi.csproj", "{E635AF9E-82D9-4341-BB23-14C2E96FCB4D}"
EndProject
Global
	GlobalSection(SolutionConfigurationPlatforms) = preSolution
		Debug|Any CPU = Debug|Any CPU
		Release|Any CPU = Release|Any CPU
	EndGlobalSection
	GlobalSection(ProjectConfigurationPlatforms) = postSolution
		{E635AF9E-82D9-4341-BB23-14C2E96FCB4D}.Debug|Any CPU.ActiveCfg = Debug|Any CPU
		{E635AF9E-82D9-4341-BB23-14C2E96FCB4D}.Debug|Any CPU.Build.0 = Debug|Any CPU
		{E635AF9E-82D9-4341-BB23-14C2E96FCB4D}.Release|Any CPU.ActiveCfg = Release|Any CPU
		{E635AF9E-82D9-4341-BB23-14C2E96FCB4D}.Release|Any CPU.Build.0 = Release|Any CPU
	EndGlobalSection
	GlobalSection(SolutionProperties) = preSolution
		HideSolutionNode = FALSE
	EndGlobalSection
	GlobalSection(ExtensibilityGlobals) = postSolution
		SolutionGuid = {DC6AAB59-5D6E-408D-86E3-6AF58D8E9AD0}
	EndGlobalSection
EndGlobal
